// !$*UTF8*$!
{
	archiveVersion = 1;
	classes = {
	};
	objectVersion = 52;
	objects = {

/* Begin PBXBuildFile section */
		C93448C92449DD2E0062E1BE /* AppDelegate.swift in Sources */ = {isa = PBXBuildFile; fileRef = C93448C82449DD2E0062E1BE /* AppDelegate.swift */; };
		C93448CB2449DD2E0062E1BE /* SceneDelegate.swift in Sources */ = {isa = PBXBuildFile; fileRef = C93448CA2449DD2E0062E1BE /* SceneDelegate.swift */; };
		C93448CD2449DD2E0062E1BE /* ParentViewController.swift in Sources */ = {isa = PBXBuildFile; fileRef = C93448CC2449DD2E0062E1BE /* ParentViewController.swift */; };
		C93448D02449DD2E0062E1BE /* Main.storyboard in Resources */ = {isa = PBXBuildFile; fileRef = C93448CE2449DD2E0062E1BE /* Main.storyboard */; };
		C93448D22449DD2F0062E1BE /* Assets.xcassets in Resources */ = {isa = PBXBuildFile; fileRef = C93448D12449DD2F0062E1BE /* Assets.xcassets */; };
		C93448D52449DD2F0062E1BE /* LaunchScreen.storyboard in Resources */ = {isa = PBXBuildFile; fileRef = C93448D32449DD2F0062E1BE /* LaunchScreen.storyboard */; };
		C93448DE2449DD7C0062E1BE /* FloatingPanel in Frameworks */ = {isa = PBXBuildFile; productRef = C93448DD2449DD7C0062E1BE /* FloatingPanel */; };
		C93448E02449DDEA0062E1BE /* FloatingPanelViewController.swift in Sources */ = {isa = PBXBuildFile; fileRef = C93448DF2449DDEA0062E1BE /* FloatingPanelViewController.swift */; };
/* End PBXBuildFile section */

/* Begin PBXFileReference section */
		C93448C52449DD2E0062E1BE /* FloatingPanelTest.app */ = {isa = PBXFileReference; explicitFileType = wrapper.application; includeInIndex = 0; path = FloatingPanelTest.app; sourceTree = BUILT_PRODUCTS_DIR; };
		C93448C82449DD2E0062E1BE /* AppDelegate.swift */ = {isa = PBXFileReference; lastKnownFileType = sourcecode.swift; path = AppDelegate.swift; sourceTree = "<group>"; };
		C93448CA2449DD2E0062E1BE /* SceneDelegate.swift */ = {isa = PBXFileReference; lastKnownFileType = sourcecode.swift; path = SceneDelegate.swift; sourceTree = "<group>"; };
		C93448CC2449DD2E0062E1BE /* ParentViewController.swift */ = {isa = PBXFileReference; lastKnownFileType = sourcecode.swift; path = ParentViewController.swift; sourceTree = "<group>"; };
		C93448CF2449DD2E0062E1BE /* Base */ = {isa = PBXFileReference; lastKnownFileType = file.storyboard; name = Base; path = Base.lproj/Main.storyboard; sourceTree = "<group>"; };
		C93448D12449DD2F0062E1BE /* Assets.xcassets */ = {isa = PBXFileReference; lastKnownFileType = folder.assetcatalog; path = Assets.xcassets; sourceTree = "<group>"; };
		C93448D42449DD2F0062E1BE /* Base */ = {isa = PBXFileReference; lastKnownFileType = file.storyboard; name = Base; path = Base.lproj/LaunchScreen.storyboard; sourceTree = "<group>"; };
		C93448D62449DD2F0062E1BE /* Info.plist */ = {isa = PBXFileReference; lastKnownFileType = text.plist.xml; path = Info.plist; sourceTree = "<group>"; };
		C93448DF2449DDEA0062E1BE /* FloatingPanelViewController.swift */ = {isa = PBXFileReference; lastKnownFileType = sourcecode.swift; path = FloatingPanelViewController.swift; sourceTree = "<group>"; };
/* End PBXFileReference section */

/* Begin PBXFrameworksBuildPhase section */
		C93448C22449DD2E0062E1BE /* Frameworks */ = {
			isa = PBXFrameworksBuildPhase;
			buildActionMask = 2147483647;
			files = (
				C93448DE2449DD7C0062E1BE /* FloatingPanel in Frameworks */,
			);
			runOnlyForDeploymentPostprocessing = 0;
		};
/* End PBXFrameworksBuildPhase section */

/* Begin PBXGroup section */
		C93448BC2449DD2E0062E1BE = {
			isa = PBXGroup;
			children = (
				C93448C72449DD2E0062E1BE /* FloatingPanelTest */,
				C93448C62449DD2E0062E1BE /* Products */,
			);
			sourceTree = "<group>";
		};
		C93448C62449DD2E0062E1BE /* Products */ = {
			isa = PBXGroup;
			children = (
				C93448C52449DD2E0062E1BE /* FloatingPanelTest.app */,
			);
			name = Products;
			sourceTree = "<group>";
		};
		C93448C72449DD2E0062E1BE /* FloatingPanelTest */ = {
			isa = PBXGroup;
			children = (
				C93448C82449DD2E0062E1BE /* AppDelegate.swift */,
				C93448CA2449DD2E0062E1BE /* SceneDelegate.swift */,
				C93448CC2449DD2E0062E1BE /* ParentViewController.swift */,
				C93448DF2449DDEA0062E1BE /* FloatingPanelViewController.swift */,
				C93448CE2449DD2E0062E1BE /* Main.storyboard */,
				C93448D12449DD2F0062E1BE /* Assets.xcassets */,
				C93448D32449DD2F0062E1BE /* LaunchScreen.storyboard */,
				C93448D62449DD2F0062E1BE /* Info.plist */,
			);
			path = FloatingPanelTest;
			sourceTree = "<group>";
		};
/* End PBXGroup section */

/* Begin PBXNativeTarget section */
		C93448C42449DD2E0062E1BE /* FloatingPanelTest */ = {
			isa = PBXNativeTarget;
			buildConfigurationList = C93448D92449DD2F0062E1BE /* Build configuration list for PBXNativeTarget "FloatingPanelTest" */;
			buildPhases = (
				C93448C12449DD2E0062E1BE /* Sources */,
				C93448C22449DD2E0062E1BE /* Frameworks */,
				C93448C32449DD2E0062E1BE /* Resources */,
			);
			buildRules = (
			);
			dependencies = (
			);
			name = FloatingPanelTest;
			packageProductDependencies = (
				C93448DD2449DD7C0062E1BE /* FloatingPanel */,
			);
			productName = FloatingPanelTest;
			productReference = C93448C52449DD2E0062E1BE /* FloatingPanelTest.app */;
			productType = "com.apple.product-type.application";
		};
/* End PBXNativeTarget section */

/* Begin PBXProject section */
		C93448BD2449DD2E0062E1BE /* Project object */ = {
			isa = PBXProject;
			attributes = {
				LastSwiftUpdateCheck = 1140;
				LastUpgradeCheck = 1140;
				ORGANIZATIONNAME = "Daichi Hayashi";
				TargetAttributes = {
					C93448C42449DD2E0062E1BE = {
						CreatedOnToolsVersion = 11.4.1;
					};
				};
			};
			buildConfigurationList = C93448C02449DD2E0062E1BE /* Build configuration list for PBXProject "FloatingPanelTest" */;
			compatibilityVersion = "Xcode 9.3";
			developmentRegion = en;
			hasScannedForEncodings = 0;
			knownRegions = (
				en,
				Base,
			);
			mainGroup = C93448BC2449DD2E0062E1BE;
			packageReferences = (
				C93448DC2449DD7C0062E1BE /* XCRemoteSwiftPackageReference "FloatingPanel" */,
			);
			productRefGroup = C93448C62449DD2E0062E1BE /* Products */;
			projectDirPath = "";
			projectRoot = "";
			targets = (
				C93448C42449DD2E0062E1BE /* FloatingPanelTest */,
			);
		};
/* End PBXProject section */

/* Begin PBXResourcesBuildPhase section */
		C93448C32449DD2E0062E1BE /* Resources */ = {
			isa = PBXResourcesBuildPhase;
			buildActionMask = 2147483647;
			files = (
				C93448D52449DD2F0062E1BE /* LaunchScreen.storyboard in Resources */,
				C93448D22449DD2F0062E1BE /* Assets.xcassets in Resources */,
				C93448D02449DD2E0062E1BE /* Main.storyboard in Resources */,
			);
			runOnlyForDeploymentPostprocessing = 0;
		};
/* End PBXResourcesBuildPhase section */

/* Begin PBXSourcesBuildPhase section */
		C93448C12449DD2E0062E1BE /* Sources */ = {
			isa = PBXSourcesBuildPhase;
			buildActionMask = 2147483647;
			files = (
				C93448CD2449DD2E0062E1BE /* ParentViewController.swift in Sources */,
				C93448E02449DDEA0062E1BE /* FloatingPanelViewController.swift in Sources */,
				C93448C92449DD2E0062E1BE /* AppDelegate.swift in Sources */,
				C93448CB2449DD2E0062E1BE /* SceneDelegate.swift in Sources */,
			);
			runOnlyForDeploymentPostprocessing = 0;
		};
/* End PBXSourcesBuildPhase section */

/* Begin PBXVariantGroup section */
		C93448CE2449DD2E0062E1BE /* Main.storyboard */ = {
			isa = PBXVariantGroup;
			children = (
				C93448CF2449DD2E0062E1BE /* Base */,
			);
			name = Main.storyboard;
			sourceTree = "<group>";
		};
		C93448D32449DD2F0062E1BE /* LaunchScreen.storyboard */ = {
			isa = PBXVariantGroup;
			children = (
				C93448D42449DD2F0062E1BE /* Base */,
			);
			name = LaunchScreen.storyboard;
			sourceTree = "<group>";
		};
/* End PBXVariantGroup section */

/* Begin XCBuildConfiguration section */
		C93448D72449DD2F0062E1BE /* Debug */ = {
			isa = XCBuildConfiguration;
			buildSettings = {
				ALWAYS_SEARCH_USER_PATHS = NO;
				CLANG_ANALYZER_NONNULL = YES;
				CLANG_ANALYZER_NUMBER_OBJECT_CONVERSION = YES_AGGRESSIVE;
				CLANG_CXX_LANGUAGE_STANDARD = "gnu++14";
				CLANG_CXX_LIBRARY = "libc++";
				CLANG_ENABLE_MODULES = YES;
				CLANG_ENABLE_OBJC_ARC = YES;
				CLANG_ENABLE_OBJC_WEAK = YES;
				CLANG_WARN_BLOCK_CAPTURE_AUTORELEASING = YES;
				CLANG_WARN_BOOL_CONVERSION = YES;
				CLANG_WARN_COMMA = YES;
				CLANG_WARN_CONSTANT_CONVERSION = YES;
				CLANG_WARN_DEPRECATED_OBJC_IMPLEMENTATIONS = YES;
				CLANG_WARN_DIRECT_OBJC_ISA_USAGE = YES_ERROR;
				CLANG_WARN_DOCUMENTATION_COMMENTS = YES;
				CLANG_WARN_EMPTY_BODY = YES;
				CLANG_WARN_ENUM_CONVERSION = YES;
				CLANG_WARN_INFINITE_RECURSION = YES;
				CLANG_WARN_INT_CONVERSION = YES;
				CLANG_WARN_NON_LITERAL_NULL_CONVERSION = YES;
				CLANG_WARN_OBJC_IMPLICIT_RETAIN_SELF = YES;
				CLANG_WARN_OBJC_LITERAL_CONVERSION = YES;
				CLANG_WARN_OBJC_ROOT_CLASS = YES_ERROR;
				CLANG_WARN_RANGE_LOOP_ANALYSIS = YES;
				CLANG_WARN_STRICT_PROTOTYPES = YES;
				CLANG_WARN_SUSPICIOUS_MOVE = YES;
				CLANG_WARN_UNGUARDED_AVAILABILITY = YES_AGGRESSIVE;
				CLANG_WARN_UNREACHABLE_CODE = YES;
				CLANG_WARN__DUPLICATE_METHOD_MATCH = YES;
				COPY_PHASE_STRIP = NO;
				DEBUG_INFORMATION_FORMAT = dwarf;
				ENABLE_STRICT_OBJC_MSGSEND = YES;
				ENABLE_TESTABILITY = YES;
				GCC_C_LANGUAGE_STANDARD = gnu11;
				GCC_DYNAMIC_NO_PIC = NO;
				GCC_NO_COMMON_BLOCKS = YES;
				GCC_OPTIMIZATION_LEVEL = 0;
				GCC_PREPROCESSOR_DEFINITIONS = (
					"DEBUG=1",
					"$(inherited)",
				);
				GCC_WARN_64_TO_32_BIT_CONVERSION = YES;
				GCC_WARN_ABOUT_RETURN_TYPE = YES_ERROR;
				GCC_WARN_UNDECLARED_SELECTOR = YES;
				GCC_WARN_UNINITIALIZED_AUTOS = YES_AGGRESSIVE;
				GCC_WARN_UNUSED_FUNCTION = YES;
				GCC_WARN_UNUSED_VARIABLE = YES;
				IPHONEOS_DEPLOYMENT_TARGET = 13.4;
				MTL_ENABLE_DEBUG_INFO = INCLUDE_SOURCE;
				MTL_FAST_MATH = YES;
				ONLY_ACTIVE_ARCH = YES;
				SDKROOT = iphoneos;
				SWIFT_ACTIVE_COMPILATION_CONDITIONS = DEBUG;
				SWIFT_OPTIMIZATION_LEVEL = "-Onone";
			};
			name = Debug;
		};
		C93448D82449DD2F0062E1BE /* Release */ = {
			isa = XCBuildConfiguration;
			buildSettings = {
				ALWAYS_SEARCH_USER_PATHS = NO;
				CLANG_ANALYZER_NONNULL = YES;
				CLANG_ANALYZER_NUMBER_OBJECT_CONVERSION = YES_AGGRESSIVE;
				CLANG_CXX_LANGUAGE_STANDARD = "gnu++14";
				CLANG_CXX_LIBRARY = "libc++";
				CLANG_ENABLE_MODULES = YES;
				CLANG_ENABLE_OBJC_ARC = YES;
				CLANG_ENABLE_OBJC_WEAK = YES;
				CLANG_WARN_BLOCK_CAPTURE_AUTORELEASING = YES;
				CLANG_WARN_BOOL_CONVERSION = YES;
				CLANG_WARN_COMMA = YES;
				CLANG_WARN_CONSTANT_CONVERSION = YES;
				CLANG_WARN_DEPRECATED_OBJC_IMPLEMENTATIONS = YES;
				CLANG_WARN_DIRECT_OBJC_ISA_USAGE = YES_ERROR;
				CLANG_WARN_DOCUMENTATION_COMMENTS = YES;
				CLANG_WARN_EMPTY_BODY = YES;
				CLANG_WARN_ENUM_CONVERSION = YES;
				CLANG_WARN_INFINITE_RECURSION = YES;
				CLANG_WARN_INT_CONVERSION = YES;
				CLANG_WARN_NON_LITERAL_NULL_CONVERSION = YES;
				CLANG_WARN_OBJC_IMPLICIT_RETAIN_SELF = YES;
				CLANG_WARN_OBJC_LITERAL_CONVERSION = YES;
				CLANG_WARN_OBJC_ROOT_CLASS = YES_ERROR;
				CLANG_WARN_RANGE_LOOP_ANALYSIS = YES;
				CLANG_WARN_STRICT_PROTOTYPES = YES;
				CLANG_WARN_SUSPICIOUS_MOVE = YES;
				CLANG_WARN_UNGUARDED_AVAILABILITY = YES_AGGRESSIVE;
				CLANG_WARN_UNREACHABLE_CODE = YES;
				CLANG_WARN__DUPLICATE_METHOD_MATCH = YES;
				COPY_PHASE_STRIP = NO;
				DEBUG_INFORMATION_FORMAT = "dwarf-with-dsym";
				ENABLE_NS_ASSERTIONS = NO;
				ENABLE_STRICT_OBJC_MSGSEND = YES;
				GCC_C_LANGUAGE_STANDARD = gnu11;
				GCC_NO_COMMON_BLOCKS = YES;
				GCC_WARN_64_TO_32_BIT_CONVERSION = YES;
				GCC_WARN_ABOUT_RETURN_TYPE = YES_ERROR;
				GCC_WARN_UNDECLARED_SELECTOR = YES;
				GCC_WARN_UNINITIALIZED_AUTOS = YES_AGGRESSIVE;
				GCC_WARN_UNUSED_FUNCTION = YES;
				GCC_WARN_UNUSED_VARIABLE = YES;
				IPHONEOS_DEPLOYMENT_TARGET = 13.4;
				MTL_ENABLE_DEBUG_INFO = NO;
				MTL_FAST_MATH = YES;
				SDKROOT = iphoneos;
				SWIFT_COMPILATION_MODE = wholemodule;
				SWIFT_OPTIMIZATION_LEVEL = "-O";
				VALIDATE_PRODUCT = YES;
			};
			name = Release;
		};
		C93448DA2449DD2F0062E1BE /* Debug */ = {
			isa = XCBuildConfiguration;
			buildSettings = {
				ASSETCATALOG_COMPILER_APPICON_NAME = AppIcon;
				CODE_SIGN_STYLE = Automatic;
				DEVELOPMENT_TEAM = X79UHLMR5A;
				INFOPLIST_FILE = FloatingPanelTest/Info.plist;
				LD_RUNPATH_SEARCH_PATHS = (
					"$(inherited)",
					"@executable_path/Frameworks",
				);
				PRODUCT_BUNDLE_IDENTIFIER = com.daichi.hayashi.FloatingPanelTest;
				PRODUCT_NAME = "$(TARGET_NAME)";
				SWIFT_VERSION = 5.0;
				TARGETED_DEVICE_FAMILY = "1,2";
			};
			name = Debug;
		};
		C93448DB2449DD2F0062E1BE /* Release */ = {
			isa = XCBuildConfiguration;
			buildSettings = {
				ASSETCATALOG_COMPILER_APPICON_NAME = AppIcon;
				CODE_SIGN_STYLE = Automatic;
				DEVELOPMENT_TEAM = X79UHLMR5A;
				INFOPLIST_FILE = FloatingPanelTest/Info.plist;
				LD_RUNPATH_SEARCH_PATHS = (
					"$(inherited)",
					"@executable_path/Frameworks",
				);
				PRODUCT_BUNDLE_IDENTIFIER = com.daichi.hayashi.FloatingPanelTest;
				PRODUCT_NAME = "$(TARGET_NAME)";
				SWIFT_VERSION = 5.0;
				TARGETED_DEVICE_FAMILY = "1,2";
			};
			name = Release;
		};
/* End XCBuildConfiguration section */

/* Begin XCConfigurationList section */
		C93448C02449DD2E0062E1BE /* Build configuration list for PBXProject "FloatingPanelTest" */ = {
			isa = XCConfigurationList;
			buildConfigurations = (
				C93448D72449DD2F0062E1BE /* Debug */,
				C93448D82449DD2F0062E1BE /* Release */,
			);
			defaultConfigurationIsVisible = 0;
			defaultConfigurationName = Release;
		};
		C93448D92449DD2F0062E1BE /* Build configuration list for PBXNativeTarget "FloatingPanelTest" */ = {
			isa = XCConfigurationList;
			buildConfigurations = (
				C93448DA2449DD2F0062E1BE /* Debug */,
				C93448DB2449DD2F0062E1BE /* Release */,
			);
			defaultConfigurationIsVisible = 0;
			defaultConfigurationName = Release;
		};
/* End XCConfigurationList section */

/* Begin XCRemoteSwiftPackageReference section */
		C93448DC2449DD7C0062E1BE /* XCRemoteSwiftPackageReference "FloatingPanel" */ = {
			isa = XCRemoteSwiftPackageReference;
			repositoryURL = "https://github.com/SCENEE/FloatingPanel";
			requirement = {
				kind = upToNextMajorVersion;
				minimumVersion = 1.7.4;
			};
		};
/* End XCRemoteSwiftPackageReference section */

/* Begin XCSwiftPackageProductDependency section */
		C93448DD2449DD7C0062E1BE /* FloatingPanel */ = {
			isa = XCSwiftPackageProductDependency;
			package = C93448DC2449DD7C0062E1BE /* XCRemoteSwiftPackageReference "FloatingPanel" */;
			productName = FloatingPanel;
		};
/* End XCSwiftPackageProductDependency section */
	};
	rootObject = C93448BD2449DD2E0062E1BE /* Project object */;
}
